{
  "name": "clearbit-marketing-page-exercise",
  "version": "1.0.0",
  "lockfileVersion": 1,
  "requires": true,
  "dependencies": {
    "npm-start-command": {
      "version": "1.0.0",
      "resolved": "https://registry.npmjs.org/npm-start-command/-/npm-start-command-1.0.0.tgz",
      "integrity": "sha512-pyxys4b2sr5u5xrF4rCSiuA/fGqiY8aKRKv4kD8+dCM5gfinK74Akq4Szmuxo3AlfI9juzxx4zar6UdCtXulMg==",
      "dev": true
    }
  }
}
